// !$*UTF8*$!
{
	archiveVersion = 1;
	classes = {
	};
	objectVersion = 48;
	objects = {

/* Begin PBXBuildFile section */
		203E980260F725BAD293FF4C /* Pods_______Tests.framework in Frameworks */ = {isa = PBXBuildFile; fileRef = 9DB9242B379ADE49DB117E89 /* Pods_______Tests.framework */; };
		602E5F892028A1ED004A4B88 /* GoogleService-Info.plist in Resources */ = {isa = PBXBuildFile; fileRef = 602E5F882028A1ED004A4B88 /* GoogleService-Info.plist */; };
		602E5F8A2028A1ED004A4B88 /* GoogleService-Info.plist in Resources */ = {isa = PBXBuildFile; fileRef = 602E5F882028A1ED004A4B88 /* GoogleService-Info.plist */; };
		602E5F8B2028A1ED004A4B88 /* GoogleService-Info.plist in Resources */ = {isa = PBXBuildFile; fileRef = 602E5F882028A1ED004A4B88 /* GoogleService-Info.plist */; };
		602E5F8D2028A578004A4B88 /* File.swift in Sources */ = {isa = PBXBuildFile; fileRef = 602E5F8C2028A578004A4B88 /* File.swift */; };
		602E5F8E2028A578004A4B88 /* File.swift in Sources */ = {isa = PBXBuildFile; fileRef = 602E5F8C2028A578004A4B88 /* File.swift */; };
		602E5F8F2028A578004A4B88 /* File.swift in Sources */ = {isa = PBXBuildFile; fileRef = 602E5F8C2028A578004A4B88 /* File.swift */; };
		602E5F912028B467004A4B88 /* RootViewController.swift in Sources */ = {isa = PBXBuildFile; fileRef = 602E5F902028B467004A4B88 /* RootViewController.swift */; };
		602E5F922028B467004A4B88 /* RootViewController.swift in Sources */ = {isa = PBXBuildFile; fileRef = 602E5F902028B467004A4B88 /* RootViewController.swift */; };
		602E5F932028B467004A4B88 /* RootViewController.swift in Sources */ = {isa = PBXBuildFile; fileRef = 602E5F902028B467004A4B88 /* RootViewController.swift */; };
		602E5F952028BA43004A4B88 /* MenuTableViewCell.swift in Sources */ = {isa = PBXBuildFile; fileRef = 602E5F942028BA43004A4B88 /* MenuTableViewCell.swift */; };
		602E5F962028BA43004A4B88 /* MenuTableViewCell.swift in Sources */ = {isa = PBXBuildFile; fileRef = 602E5F942028BA43004A4B88 /* MenuTableViewCell.swift */; };
		602E5F972028BA43004A4B88 /* MenuTableViewCell.swift in Sources */ = {isa = PBXBuildFile; fileRef = 602E5F942028BA43004A4B88 /* MenuTableViewCell.swift */; };
		602E5F992028BD10004A4B88 /* ProductsMenuViewController.swift in Sources */ = {isa = PBXBuildFile; fileRef = 602E5F982028BD10004A4B88 /* ProductsMenuViewController.swift */; };
		602E5F9A2028BD10004A4B88 /* ProductsMenuViewController.swift in Sources */ = {isa = PBXBuildFile; fileRef = 602E5F982028BD10004A4B88 /* ProductsMenuViewController.swift */; };
		602E5F9B2028BD10004A4B88 /* ProductsMenuViewController.swift in Sources */ = {isa = PBXBuildFile; fileRef = 602E5F982028BD10004A4B88 /* ProductsMenuViewController.swift */; };
		602E5F9D2028C28B004A4B88 /* ShoppingCartsViewController.swift in Sources */ = {isa = PBXBuildFile; fileRef = 602E5F9C2028C28B004A4B88 /* ShoppingCartsViewController.swift */; };
		602E5F9E2028C28B004A4B88 /* ShoppingCartsViewController.swift in Sources */ = {isa = PBXBuildFile; fileRef = 602E5F9C2028C28B004A4B88 /* ShoppingCartsViewController.swift */; };
		602E5F9F2028C28B004A4B88 /* ShoppingCartsViewController.swift in Sources */ = {isa = PBXBuildFile; fileRef = 602E5F9C2028C28B004A4B88 /* ShoppingCartsViewController.swift */; };
		602E5FA12028C95A004A4B88 /* SplitViewController.swift in Sources */ = {isa = PBXBuildFile; fileRef = 602E5FA02028C95A004A4B88 /* SplitViewController.swift */; };
		602E5FA22028C95A004A4B88 /* SplitViewController.swift in Sources */ = {isa = PBXBuildFile; fileRef = 602E5FA02028C95A004A4B88 /* SplitViewController.swift */; };
		602E5FA32028C95A004A4B88 /* SplitViewController.swift in Sources */ = {isa = PBXBuildFile; fileRef = 602E5FA02028C95A004A4B88 /* SplitViewController.swift */; };
		602EB01C2027886200B5C05A /* Logo.png in Resources */ = {isa = PBXBuildFile; fileRef = 602EB01B2027886200B5C05A /* Logo.png */; };
		60D99F952022DD6900334513 /* WorkTimeViewController.swift in Sources */ = {isa = PBXBuildFile; fileRef = 60D99F942022DD6900334513 /* WorkTimeViewController.swift */; };
		618CBFF299B336080093F36A /* Pods_______UITests.framework in Frameworks */ = {isa = PBXBuildFile; fileRef = F3468401F70F2DE4BA9E3731 /* Pods_______UITests.framework */; };
		8CD17EDF20207D65003C8C10 /* AppDelegate.swift in Sources */ = {isa = PBXBuildFile; fileRef = 8CD17EDE20207D65003C8C10 /* AppDelegate.swift */; };
		8CD17EE620207D65003C8C10 /* Main.storyboard in Resources */ = {isa = PBXBuildFile; fileRef = 8CD17EE420207D65003C8C10 /* Main.storyboard */; };
		8CD17EE820207D65003C8C10 /* Assets.xcassets in Resources */ = {isa = PBXBuildFile; fileRef = 8CD17EE720207D65003C8C10 /* Assets.xcassets */; };
		8CD17EEB20207D65003C8C10 /* LaunchScreen.storyboard in Resources */ = {isa = PBXBuildFile; fileRef = 8CD17EE920207D65003C8C10 /* LaunchScreen.storyboard */; };
		8CD17EF620207D65003C8C10 /* EradTests.swift in Sources */ = {isa = PBXBuildFile; fileRef = 8CD17EF520207D65003C8C10 /* EradTests.swift */; };
		8CD17F0120207D66003C8C10 /* EradUITests.swift in Sources */ = {isa = PBXBuildFile; fileRef = 8CD17F0020207D66003C8C10 /* EradUITests.swift */; };
		BF19FA8430497CBBA57758ED /* Pods_______.framework in Frameworks */ = {isa = PBXBuildFile; fileRef = 96E4908483372581E93AAA5F /* Pods_______.framework */; };
/* End PBXBuildFile section */

/* Begin PBXContainerItemProxy section */
		8CD17EF220207D65003C8C10 /* PBXContainerItemProxy */ = {
			isa = PBXContainerItemProxy;
			containerPortal = 8CD17ED320207D65003C8C10 /* Project object */;
			proxyType = 1;
			remoteGlobalIDString = 8CD17EDA20207D65003C8C10;
			remoteInfo = Erad;
		};
		8CD17EFD20207D65003C8C10 /* PBXContainerItemProxy */ = {
			isa = PBXContainerItemProxy;
			containerPortal = 8CD17ED320207D65003C8C10 /* Project object */;
			proxyType = 1;
			remoteGlobalIDString = 8CD17EDA20207D65003C8C10;
			remoteInfo = Erad;
		};
/* End PBXContainerItemProxy section */

/* Begin PBXFileReference section */
		29B338AB3B7C7E9DE1E7C048 /* Pods-إيراد.release.xcconfig */ = {isa = PBXFileReference; includeInIndex = 1; lastKnownFileType = text.xcconfig; name = "Pods-إيراد.release.xcconfig"; path = "Pods/Target Support Files/Pods-إيراد/Pods-إيراد.release.xcconfig"; sourceTree = "<group>"; };
		3DAC76001E06FBB780E7DC11 /* Pods-إيرادTests.release.xcconfig */ = {isa = PBXFileReference; includeInIndex = 1; lastKnownFileType = text.xcconfig; name = "Pods-إيرادTests.release.xcconfig"; path = "Pods/Target Support Files/Pods-إيرادTests/Pods-إيرادTests.release.xcconfig"; sourceTree = "<group>"; };
		602E5F882028A1ED004A4B88 /* GoogleService-Info.plist */ = {isa = PBXFileReference; fileEncoding = 4; lastKnownFileType = text.plist.xml; path = "GoogleService-Info.plist"; sourceTree = "<group>"; };
		602E5F8C2028A578004A4B88 /* File.swift */ = {isa = PBXFileReference; lastKnownFileType = sourcecode.swift; path = File.swift; sourceTree = "<group>"; };
		602E5F902028B467004A4B88 /* RootViewController.swift */ = {isa = PBXFileReference; lastKnownFileType = sourcecode.swift; path = RootViewController.swift; sourceTree = "<group>"; };
		602E5F942028BA43004A4B88 /* MenuTableViewCell.swift */ = {isa = PBXFileReference; lastKnownFileType = sourcecode.swift; path = MenuTableViewCell.swift; sourceTree = "<group>"; };
		602E5F982028BD10004A4B88 /* ProductsMenuViewController.swift */ = {isa = PBXFileReference; lastKnownFileType = sourcecode.swift; path = ProductsMenuViewController.swift; sourceTree = "<group>"; };
		602E5F9C2028C28B004A4B88 /* ShoppingCartsViewController.swift */ = {isa = PBXFileReference; lastKnownFileType = sourcecode.swift; path = ShoppingCartsViewController.swift; sourceTree = "<group>"; };
		602E5FA02028C95A004A4B88 /* SplitViewController.swift */ = {isa = PBXFileReference; lastKnownFileType = sourcecode.swift; path = SplitViewController.swift; sourceTree = "<group>"; };
		602EB01B2027886200B5C05A /* Logo.png */ = {isa = PBXFileReference; lastKnownFileType = image.png; path = Logo.png; sourceTree = "<group>"; };
		60D99F942022DD6900334513 /* WorkTimeViewController.swift */ = {isa = PBXFileReference; lastKnownFileType = sourcecode.swift; path = WorkTimeViewController.swift; sourceTree = "<group>"; };
		864E458777AE2A3DB6F08952 /* Pods-إيرادTests.debug.xcconfig */ = {isa = PBXFileReference; includeInIndex = 1; lastKnownFileType = text.xcconfig; name = "Pods-إيرادTests.debug.xcconfig"; path = "Pods/Target Support Files/Pods-إيرادTests/Pods-إيرادTests.debug.xcconfig"; sourceTree = "<group>"; };
		8BE429155EA2F4900C2998D3 /* Pods-إيراد.debug.xcconfig */ = {isa = PBXFileReference; includeInIndex = 1; lastKnownFileType = text.xcconfig; name = "Pods-إيراد.debug.xcconfig"; path = "Pods/Target Support Files/Pods-إيراد/Pods-إيراد.debug.xcconfig"; sourceTree = "<group>"; };
		8CD17EDB20207D65003C8C10 /* إيراد.app */ = {isa = PBXFileReference; explicitFileType = wrapper.application; includeInIndex = 0; path = "إيراد.app"; sourceTree = BUILT_PRODUCTS_DIR; };
		8CD17EDE20207D65003C8C10 /* AppDelegate.swift */ = {isa = PBXFileReference; lastKnownFileType = sourcecode.swift; path = AppDelegate.swift; sourceTree = "<group>"; };
		8CD17EE520207D65003C8C10 /* Base */ = {isa = PBXFileReference; lastKnownFileType = file.storyboard; name = Base; path = Base.lproj/Main.storyboard; sourceTree = "<group>"; };
		8CD17EE720207D65003C8C10 /* Assets.xcassets */ = {isa = PBXFileReference; lastKnownFileType = folder.assetcatalog; path = Assets.xcassets; sourceTree = "<group>"; };
		8CD17EEA20207D65003C8C10 /* Base */ = {isa = PBXFileReference; lastKnownFileType = file.storyboard; name = Base; path = Base.lproj/LaunchScreen.storyboard; sourceTree = "<group>"; };
		8CD17EEC20207D65003C8C10 /* Info.plist */ = {isa = PBXFileReference; lastKnownFileType = text.plist.xml; path = Info.plist; sourceTree = "<group>"; };
		8CD17EF120207D65003C8C10 /* إيرادTests.xctest */ = {isa = PBXFileReference; explicitFileType = wrapper.cfbundle; includeInIndex = 0; path = "إيرادTests.xctest"; sourceTree = BUILT_PRODUCTS_DIR; };
		8CD17EF520207D65003C8C10 /* EradTests.swift */ = {isa = PBXFileReference; lastKnownFileType = sourcecode.swift; path = EradTests.swift; sourceTree = "<group>"; };
		8CD17EF720207D65003C8C10 /* Info.plist */ = {isa = PBXFileReference; lastKnownFileType = text.plist.xml; path = Info.plist; sourceTree = "<group>"; };
		8CD17EFC20207D65003C8C10 /* إيرادUITests.xctest */ = {isa = PBXFileReference; explicitFileType = wrapper.cfbundle; includeInIndex = 0; path = "إيرادUITests.xctest"; sourceTree = BUILT_PRODUCTS_DIR; };
		8CD17F0020207D66003C8C10 /* EradUITests.swift */ = {isa = PBXFileReference; lastKnownFileType = sourcecode.swift; path = EradUITests.swift; sourceTree = "<group>"; };
		8CD17F0220207D66003C8C10 /* Info.plist */ = {isa = PBXFileReference; lastKnownFileType = text.plist.xml; path = Info.plist; sourceTree = "<group>"; };
		96E4908483372581E93AAA5F /* Pods_______.framework */ = {isa = PBXFileReference; explicitFileType = wrapper.framework; includeInIndex = 0; path = "Pods_______.framework"; sourceTree = BUILT_PRODUCTS_DIR; };
		9BDF5F830A5B1C6F87BE81ED /* Pods-إيرادUITests.debug.xcconfig */ = {isa = PBXFileReference; includeInIndex = 1; lastKnownFileType = text.xcconfig; name = "Pods-إيرادUITests.debug.xcconfig"; path = "Pods/Target Support Files/Pods-إيرادUITests/Pods-إيرادUITests.debug.xcconfig"; sourceTree = "<group>"; };
		9DB9242B379ADE49DB117E89 /* Pods_______Tests.framework */ = {isa = PBXFileReference; explicitFileType = wrapper.framework; includeInIndex = 0; path = "Pods_______Tests.framework"; sourceTree = BUILT_PRODUCTS_DIR; };
		AA3B4909FFA3D8E9F9FEF917 /* Pods-إيرادUITests.release.xcconfig */ = {isa = PBXFileReference; includeInIndex = 1; lastKnownFileType = text.xcconfig; name = "Pods-إيرادUITests.release.xcconfig"; path = "Pods/Target Support Files/Pods-إيرادUITests/Pods-إيرادUITests.release.xcconfig"; sourceTree = "<group>"; };
		F3468401F70F2DE4BA9E3731 /* Pods_______UITests.framework */ = {isa = PBXFileReference; explicitFileType = wrapper.framework; includeInIndex = 0; path = "Pods_______UITests.framework"; sourceTree = BUILT_PRODUCTS_DIR; };
/* End PBXFileReference section */

/* Begin PBXFrameworksBuildPhase section */
		8CD17ED820207D65003C8C10 /* Frameworks */ = {
			isa = PBXFrameworksBuildPhase;
			buildActionMask = 2147483647;
			files = (
				BF19FA8430497CBBA57758ED /* Pods_______.framework in Frameworks */,
			);
			runOnlyForDeploymentPostprocessing = 0;
		};
		8CD17EEE20207D65003C8C10 /* Frameworks */ = {
			isa = PBXFrameworksBuildPhase;
			buildActionMask = 2147483647;
			files = (
				203E980260F725BAD293FF4C /* Pods_______Tests.framework in Frameworks */,
			);
			runOnlyForDeploymentPostprocessing = 0;
		};
		8CD17EF920207D65003C8C10 /* Frameworks */ = {
			isa = PBXFrameworksBuildPhase;
			buildActionMask = 2147483647;
			files = (
				618CBFF299B336080093F36A /* Pods_______UITests.framework in Frameworks */,
			);
			runOnlyForDeploymentPostprocessing = 0;
		};
/* End PBXFrameworksBuildPhase section */

/* Begin PBXGroup section */
		2F65F6B2FD3D6984D7FFD12B /* Pods */ = {
			isa = PBXGroup;
			children = (
				8BE429155EA2F4900C2998D3 /* Pods-إيراد.debug.xcconfig */,
				29B338AB3B7C7E9DE1E7C048 /* Pods-إيراد.release.xcconfig */,
				864E458777AE2A3DB6F08952 /* Pods-إيرادTests.debug.xcconfig */,
				3DAC76001E06FBB780E7DC11 /* Pods-إيرادTests.release.xcconfig */,
				9BDF5F830A5B1C6F87BE81ED /* Pods-إيرادUITests.debug.xcconfig */,
				AA3B4909FFA3D8E9F9FEF917 /* Pods-إيرادUITests.release.xcconfig */,
			);
			name = Pods;
			sourceTree = "<group>";
		};
		8CD17ED220207D65003C8C10 = {
			isa = PBXGroup;
			children = (
				8CD17EDD20207D65003C8C10 /* Erad */,
				8CD17EF420207D65003C8C10 /* EradTests */,
				8CD17EFF20207D66003C8C10 /* EradUITests */,
				8CD17EDC20207D65003C8C10 /* Products */,
				2F65F6B2FD3D6984D7FFD12B /* Pods */,
				B13480D9E8237ADEC8D3CC94 /* Frameworks */,
			);
			sourceTree = "<group>";
		};
		8CD17EDC20207D65003C8C10 /* Products */ = {
			isa = PBXGroup;
			children = (
				8CD17EDB20207D65003C8C10 /* إيراد.app */,
				8CD17EF120207D65003C8C10 /* إيرادTests.xctest */,
				8CD17EFC20207D65003C8C10 /* إيرادUITests.xctest */,
			);
			name = Products;
			sourceTree = "<group>";
		};
		8CD17EDD20207D65003C8C10 /* Erad */ = {
			isa = PBXGroup;
			children = (
				8CD17EDE20207D65003C8C10 /* AppDelegate.swift */,
				8CD17EE420207D65003C8C10 /* Main.storyboard */,
				602E5FA02028C95A004A4B88 /* SplitViewController.swift */,
				602E5F9C2028C28B004A4B88 /* ShoppingCartsViewController.swift */,
				602E5F982028BD10004A4B88 /* ProductsMenuViewController.swift */,
				602E5F902028B467004A4B88 /* RootViewController.swift */,
				602E5F942028BA43004A4B88 /* MenuTableViewCell.swift */,
				602E5F8C2028A578004A4B88 /* File.swift */,
				60D99F942022DD6900334513 /* WorkTimeViewController.swift */,
				8CD17EE720207D65003C8C10 /* Assets.xcassets */,
				8CD17F0E202086D9003C8C10 /* Images */,
				8CD17EE920207D65003C8C10 /* LaunchScreen.storyboard */,
				8CD17EEC20207D65003C8C10 /* Info.plist */,
				602E5F882028A1ED004A4B88 /* GoogleService-Info.plist */,
			);
			path = Erad;
			sourceTree = "<group>";
		};
		8CD17EF420207D65003C8C10 /* EradTests */ = {
			isa = PBXGroup;
			children = (
				8CD17EF520207D65003C8C10 /* EradTests.swift */,
				8CD17EF720207D65003C8C10 /* Info.plist */,
			);
			path = EradTests;
			sourceTree = "<group>";
		};
		8CD17EFF20207D66003C8C10 /* EradUITests */ = {
			isa = PBXGroup;
			children = (
				8CD17F0020207D66003C8C10 /* EradUITests.swift */,
				8CD17F0220207D66003C8C10 /* Info.plist */,
			);
			path = EradUITests;
			sourceTree = "<group>";
		};
		8CD17F0E202086D9003C8C10 /* Images */ = {
			isa = PBXGroup;
			children = (
				602EB01B2027886200B5C05A /* Logo.png */,
			);
			path = Images;
			sourceTree = "<group>";
		};
		B13480D9E8237ADEC8D3CC94 /* Frameworks */ = {
			isa = PBXGroup;
			children = (
				96E4908483372581E93AAA5F /* Pods_______.framework */,
				9DB9242B379ADE49DB117E89 /* Pods_______Tests.framework */,
				F3468401F70F2DE4BA9E3731 /* Pods_______UITests.framework */,
			);
			name = Frameworks;
			sourceTree = "<group>";
		};
/* End PBXGroup section */

/* Begin PBXNativeTarget section */
		8CD17EDA20207D65003C8C10 /* إيراد */ = {
			isa = PBXNativeTarget;
			buildConfigurationList = 8CD17F0520207D66003C8C10 /* Build configuration list for PBXNativeTarget "إيراد" */;
			buildPhases = (
				49A70519A8EF7137AD35C6B3 /* [CP] Check Pods Manifest.lock */,
				8CD17ED720207D65003C8C10 /* Sources */,
				8CD17ED820207D65003C8C10 /* Frameworks */,
				8CD17ED920207D65003C8C10 /* Resources */,
				4FE96DCDCCAF019BAA09105B /* [CP] Embed Pods Frameworks */,
				7E54FF10CA4737F4522B6096 /* [CP] Copy Pods Resources */,
			);
			buildRules = (
			);
			dependencies = (
			);
			name = "إيراد";
			productName = Erad;
			productReference = 8CD17EDB20207D65003C8C10 /* إيراد.app */;
			productType = "com.apple.product-type.application";
		};
		8CD17EF020207D65003C8C10 /* إيرادTests */ = {
			isa = PBXNativeTarget;
			buildConfigurationList = 8CD17F0820207D66003C8C10 /* Build configuration list for PBXNativeTarget "إيرادTests" */;
			buildPhases = (
				5557C22E149D3E2E18D9459C /* [CP] Check Pods Manifest.lock */,
				8CD17EED20207D65003C8C10 /* Sources */,
				8CD17EEE20207D65003C8C10 /* Frameworks */,
				8CD17EEF20207D65003C8C10 /* Resources */,
				95F90DBA10C2FC0C503B5C7E /* [CP] Embed Pods Frameworks */,
				0DCE0B2F468C961CB3E97166 /* [CP] Copy Pods Resources */,
			);
			buildRules = (
			);
			dependencies = (
				8CD17EF320207D65003C8C10 /* PBXTargetDependency */,
			);
			name = "إيرادTests";
			productName = EradTests;
			productReference = 8CD17EF120207D65003C8C10 /* إيرادTests.xctest */;
			productType = "com.apple.product-type.bundle.unit-test";
		};
		8CD17EFB20207D65003C8C10 /* إيرادUITests */ = {
			isa = PBXNativeTarget;
			buildConfigurationList = 8CD17F0B20207D66003C8C10 /* Build configuration list for PBXNativeTarget "إيرادUITests" */;
			buildPhases = (
				8CC1C3D03CE857FBD236B67D /* [CP] Check Pods Manifest.lock */,
				8CD17EF820207D65003C8C10 /* Sources */,
				8CD17EF920207D65003C8C10 /* Frameworks */,
				8CD17EFA20207D65003C8C10 /* Resources */,
				8CA306B1187CF2CD47E7193D /* [CP] Embed Pods Frameworks */,
				518AE22A2A37ADFBD26B4969 /* [CP] Copy Pods Resources */,
			);
			buildRules = (
			);
			dependencies = (
				8CD17EFE20207D65003C8C10 /* PBXTargetDependency */,
			);
			name = "إيرادUITests";
			productName = EradUITests;
			productReference = 8CD17EFC20207D65003C8C10 /* إيرادUITests.xctest */;
			productType = "com.apple.product-type.bundle.ui-testing";
		};
/* End PBXNativeTarget section */

/* Begin PBXProject section */
		8CD17ED320207D65003C8C10 /* Project object */ = {
			isa = PBXProject;
			attributes = {
				LastSwiftUpdateCheck = 0900;
				LastUpgradeCheck = 0900;
				ORGANIZATIONNAME = KSU;
				TargetAttributes = {
					8CD17EDA20207D65003C8C10 = {
						CreatedOnToolsVersion = 9.0;
						ProvisioningStyle = Automatic;
					};
					8CD17EF020207D65003C8C10 = {
						CreatedOnToolsVersion = 9.0;
						ProvisioningStyle = Automatic;
						TestTargetID = 8CD17EDA20207D65003C8C10;
					};
					8CD17EFB20207D65003C8C10 = {
						CreatedOnToolsVersion = 9.0;
						ProvisioningStyle = Automatic;
						TestTargetID = 8CD17EDA20207D65003C8C10;
					};
				};
			};
			buildConfigurationList = 8CD17ED620207D65003C8C10 /* Build configuration list for PBXProject "إيراد" */;
			compatibilityVersion = "Xcode 8.0";
			developmentRegion = en;
			hasScannedForEncodings = 0;
			knownRegions = (
				en,
				Base,
			);
			mainGroup = 8CD17ED220207D65003C8C10;
			productRefGroup = 8CD17EDC20207D65003C8C10 /* Products */;
			projectDirPath = "";
			projectRoot = "";
			targets = (
				8CD17EDA20207D65003C8C10 /* إيراد */,
				8CD17EF020207D65003C8C10 /* إيرادTests */,
				8CD17EFB20207D65003C8C10 /* إيرادUITests */,
			);
		};
/* End PBXProject section */

/* Begin PBXResourcesBuildPhase section */
		8CD17ED920207D65003C8C10 /* Resources */ = {
			isa = PBXResourcesBuildPhase;
			buildActionMask = 2147483647;
			files = (
				602EB01C2027886200B5C05A /* Logo.png in Resources */,
				8CD17EEB20207D65003C8C10 /* LaunchScreen.storyboard in Resources */,
				602E5F892028A1ED004A4B88 /* GoogleService-Info.plist in Resources */,
				8CD17EE820207D65003C8C10 /* Assets.xcassets in Resources */,
				8CD17EE620207D65003C8C10 /* Main.storyboard in Resources */,
			);
			runOnlyForDeploymentPostprocessing = 0;
		};
		8CD17EEF20207D65003C8C10 /* Resources */ = {
			isa = PBXResourcesBuildPhase;
			buildActionMask = 2147483647;
			files = (
				602E5F8A2028A1ED004A4B88 /* GoogleService-Info.plist in Resources */,
			);
			runOnlyForDeploymentPostprocessing = 0;
		};
		8CD17EFA20207D65003C8C10 /* Resources */ = {
			isa = PBXResourcesBuildPhase;
			buildActionMask = 2147483647;
			files = (
				602E5F8B2028A1ED004A4B88 /* GoogleService-Info.plist in Resources */,
			);
			runOnlyForDeploymentPostprocessing = 0;
		};
/* End PBXResourcesBuildPhase section */

/* Begin PBXShellScriptBuildPhase section */
		0DCE0B2F468C961CB3E97166 /* [CP] Copy Pods Resources */ = {
			isa = PBXShellScriptBuildPhase;
			buildActionMask = 2147483647;
			files = (
			);
			inputPaths = (
			);
			name = "[CP] Copy Pods Resources";
			outputPaths = (
			);
			runOnlyForDeploymentPostprocessing = 0;
			shellPath = /bin/sh;
			shellScript = "\"${SRCROOT}/Pods/Target Support Files/Pods-إيرادTests/Pods-إيرادTests-resources.sh\"\n";
			showEnvVarsInLog = 0;
		};
		49A70519A8EF7137AD35C6B3 /* [CP] Check Pods Manifest.lock */ = {
			isa = PBXShellScriptBuildPhase;
			buildActionMask = 2147483647;
			files = (
			);
			inputPaths = (
				"${PODS_PODFILE_DIR_PATH}/Podfile.lock",
				"${PODS_ROOT}/Manifest.lock",
			);
			name = "[CP] Check Pods Manifest.lock";
			outputPaths = (
				"$(DERIVED_FILE_DIR)/Pods-إيراد-checkManifestLockResult.txt",
			);
			runOnlyForDeploymentPostprocessing = 0;
			shellPath = /bin/sh;
			shellScript = "diff \"${PODS_PODFILE_DIR_PATH}/Podfile.lock\" \"${PODS_ROOT}/Manifest.lock\" > /dev/null\nif [ $? != 0 ] ; then\n    # print error to STDERR\n    echo \"error: The sandbox is not in sync with the Podfile.lock. Run 'pod install' or update your CocoaPods installation.\" >&2\n    exit 1\nfi\n# This output is used by Xcode 'outputs' to avoid re-running this script phase.\necho \"SUCCESS\" > \"${SCRIPT_OUTPUT_FILE_0}\"\n";
			showEnvVarsInLog = 0;
		};
		4FE96DCDCCAF019BAA09105B /* [CP] Embed Pods Frameworks */ = {
			isa = PBXShellScriptBuildPhase;
			buildActionMask = 2147483647;
			files = (
			);
			inputPaths = (
				"${SRCROOT}/Pods/Target Support Files/Pods-إيراد/Pods-إيراد-frameworks.sh",
				"${BUILT_PRODUCTS_DIR}/GTMSessionFetcher/GTMSessionFetcher.framework",
				"${BUILT_PRODUCTS_DIR}/GoogleToolboxForMac-615f275e/GoogleToolboxForMac.framework",
				"${BUILT_PRODUCTS_DIR}/Protobuf/Protobuf.framework",
				"${BUILT_PRODUCTS_DIR}/nanopb/nanopb.framework",
			);
			name = "[CP] Embed Pods Frameworks";
			outputPaths = (
				"${TARGET_BUILD_DIR}/${FRAMEWORKS_FOLDER_PATH}/GTMSessionFetcher.framework",
				"${TARGET_BUILD_DIR}/${FRAMEWORKS_FOLDER_PATH}/GoogleToolboxForMac.framework",
				"${TARGET_BUILD_DIR}/${FRAMEWORKS_FOLDER_PATH}/Protobuf.framework",
				"${TARGET_BUILD_DIR}/${FRAMEWORKS_FOLDER_PATH}/nanopb.framework",
			);
			runOnlyForDeploymentPostprocessing = 0;
			shellPath = /bin/sh;
			shellScript = "\"${SRCROOT}/Pods/Target Support Files/Pods-إيراد/Pods-إيراد-frameworks.sh\"\n";
			showEnvVarsInLog = 0;
		};
		518AE22A2A37ADFBD26B4969 /* [CP] Copy Pods Resources */ = {
			isa = PBXShellScriptBuildPhase;
			buildActionMask = 2147483647;
			files = (
			);
			inputPaths = (
			);
			name = "[CP] Copy Pods Resources";
			outputPaths = (
			);
			runOnlyForDeploymentPostprocessing = 0;
			shellPath = /bin/sh;
			shellScript = "\"${SRCROOT}/Pods/Target Support Files/Pods-إيرادUITests/Pods-إيرادUITests-resources.sh\"\n";
			showEnvVarsInLog = 0;
		};
		5557C22E149D3E2E18D9459C /* [CP] Check Pods Manifest.lock */ = {
			isa = PBXShellScriptBuildPhase;
			buildActionMask = 2147483647;
			files = (
			);
			inputPaths = (
				"${PODS_PODFILE_DIR_PATH}/Podfile.lock",
				"${PODS_ROOT}/Manifest.lock",
			);
			name = "[CP] Check Pods Manifest.lock";
			outputPaths = (
				"$(DERIVED_FILE_DIR)/Pods-إيرادTests-checkManifestLockResult.txt",
			);
			runOnlyForDeploymentPostprocessing = 0;
			shellPath = /bin/sh;
			shellScript = "diff \"${PODS_PODFILE_DIR_PATH}/Podfile.lock\" \"${PODS_ROOT}/Manifest.lock\" > /dev/null\nif [ $? != 0 ] ; then\n    # print error to STDERR\n    echo \"error: The sandbox is not in sync with the Podfile.lock. Run 'pod install' or update your CocoaPods installation.\" >&2\n    exit 1\nfi\n# This output is used by Xcode 'outputs' to avoid re-running this script phase.\necho \"SUCCESS\" > \"${SCRIPT_OUTPUT_FILE_0}\"\n";
			showEnvVarsInLog = 0;
		};
		7E54FF10CA4737F4522B6096 /* [CP] Copy Pods Resources */ = {
			isa = PBXShellScriptBuildPhase;
			buildActionMask = 2147483647;
			files = (
			);
			inputPaths = (
			);
			name = "[CP] Copy Pods Resources";
			outputPaths = (
			);
			runOnlyForDeploymentPostprocessing = 0;
			shellPath = /bin/sh;
			shellScript = "\"${SRCROOT}/Pods/Target Support Files/Pods-إيراد/Pods-إيراد-resources.sh\"\n";
			showEnvVarsInLog = 0;
		};
		8CA306B1187CF2CD47E7193D /* [CP] Embed Pods Frameworks */ = {
			isa = PBXShellScriptBuildPhase;
			buildActionMask = 2147483647;
			files = (
			);
			inputPaths = (
			);
			name = "[CP] Embed Pods Frameworks";
			outputPaths = (
			);
			runOnlyForDeploymentPostprocessing = 0;
			shellPath = /bin/sh;
			shellScript = "\"${SRCROOT}/Pods/Target Support Files/Pods-إيرادUITests/Pods-إيرادUITests-frameworks.sh\"\n";
			showEnvVarsInLog = 0;
		};
		8CC1C3D03CE857FBD236B67D /* [CP] Check Pods Manifest.lock */ = {
			isa = PBXShellScriptBuildPhase;
			buildActionMask = 2147483647;
			files = (
			);
			inputPaths = (
				"${PODS_PODFILE_DIR_PATH}/Podfile.lock",
				"${PODS_ROOT}/Manifest.lock",
			);
			name = "[CP] Check Pods Manifest.lock";
			outputPaths = (
				"$(DERIVED_FILE_DIR)/Pods-إيرادUITests-checkManifestLockResult.txt",
			);
			runOnlyForDeploymentPostprocessing = 0;
			shellPath = /bin/sh;
			shellScript = "diff \"${PODS_PODFILE_DIR_PATH}/Podfile.lock\" \"${PODS_ROOT}/Manifest.lock\" > /dev/null\nif [ $? != 0 ] ; then\n    # print error to STDERR\n    echo \"error: The sandbox is not in sync with the Podfile.lock. Run 'pod install' or update your CocoaPods installation.\" >&2\n    exit 1\nfi\n# This output is used by Xcode 'outputs' to avoid re-running this script phase.\necho \"SUCCESS\" > \"${SCRIPT_OUTPUT_FILE_0}\"\n";
			showEnvVarsInLog = 0;
		};
		95F90DBA10C2FC0C503B5C7E /* [CP] Embed Pods Frameworks */ = {
			isa = PBXShellScriptBuildPhase;
			buildActionMask = 2147483647;
			files = (
			);
			inputPaths = (
				"${SRCROOT}/Pods/Target Support Files/Pods-إيرادTests/Pods-إيرادTests-frameworks.sh",
				"${BUILT_PRODUCTS_DIR}/GoogleToolboxForMac-Defines-NSData+zlib/GoogleToolboxForMac.framework",
				"${BUILT_PRODUCTS_DIR}/nanopb/nanopb.framework",
			);
			name = "[CP] Embed Pods Frameworks";
			outputPaths = (
				"${TARGET_BUILD_DIR}/${FRAMEWORKS_FOLDER_PATH}/GoogleToolboxForMac.framework",
				"${TARGET_BUILD_DIR}/${FRAMEWORKS_FOLDER_PATH}/nanopb.framework",
			);
			runOnlyForDeploymentPostprocessing = 0;
			shellPath = /bin/sh;
			shellScript = "\"${SRCROOT}/Pods/Target Support Files/Pods-إيرادTests/Pods-إيرادTests-frameworks.sh\"\n";
			showEnvVarsInLog = 0;
		};
/* End PBXShellScriptBuildPhase section */

/* Begin PBXSourcesBuildPhase section */
		8CD17ED720207D65003C8C10 /* Sources */ = {
			isa = PBXSourcesBuildPhase;
			buildActionMask = 2147483647;
			files = (
				60D99F952022DD6900334513 /* WorkTimeViewController.swift in Sources */,
				602E5F8D2028A578004A4B88 /* File.swift in Sources */,
				602E5F912028B467004A4B88 /* RootViewController.swift in Sources */,
				602E5F9D2028C28B004A4B88 /* ShoppingCartsViewController.swift in Sources */,
				8CD17EDF20207D65003C8C10 /* AppDelegate.swift in Sources */,
				602E5F992028BD10004A4B88 /* ProductsMenuViewController.swift in Sources */,
				602E5F952028BA43004A4B88 /* MenuTableViewCell.swift in Sources */,
				602E5FA12028C95A004A4B88 /* SplitViewController.swift in Sources */,
			);
			runOnlyForDeploymentPostprocessing = 0;
		};
		8CD17EED20207D65003C8C10 /* Sources */ = {
			isa = PBXSourcesBuildPhase;
			buildActionMask = 2147483647;
			files = (
				8CD17EF620207D65003C8C10 /* EradTests.swift in Sources */,
				602E5FA22028C95A004A4B88 /* SplitViewController.swift in Sources */,
				602E5F9A2028BD10004A4B88 /* ProductsMenuViewController.swift in Sources */,
				602E5F9E2028C28B004A4B88 /* ShoppingCartsViewController.swift in Sources */,
				602E5F8E2028A578004A4B88 /* File.swift in Sources */,
				602E5F962028BA43004A4B88 /* MenuTableViewCell.swift in Sources */,
				602E5F922028B467004A4B88 /* RootViewController.swift in Sources */,
			);
			runOnlyForDeploymentPostprocessing = 0;
		};
		8CD17EF820207D65003C8C10 /* Sources */ = {
			isa = PBXSourcesBuildPhase;
			buildActionMask = 2147483647;
			files = (
				8CD17F0120207D66003C8C10 /* EradUITests.swift in Sources */,
				602E5FA32028C95A004A4B88 /* SplitViewController.swift in Sources */,
				602E5F9B2028BD10004A4B88 /* ProductsMenuViewController.swift in Sources */,
				602E5F9F2028C28B004A4B88 /* ShoppingCartsViewController.swift in Sources */,
				602E5F8F2028A578004A4B88 /* File.swift in Sources */,
				602E5F972028BA43004A4B88 /* MenuTableViewCell.swift in Sources */,
				602E5F932028B467004A4B88 /* RootViewController.swift in Sources */,
			);
			runOnlyForDeploymentPostprocessing = 0;
		};
/* End PBXSourcesBuildPhase section */

/* Begin PBXTargetDependency section */
		8CD17EF320207D65003C8C10 /* PBXTargetDependency */ = {
			isa = PBXTargetDependency;
			target = 8CD17EDA20207D65003C8C10 /* إيراد */;
			targetProxy = 8CD17EF220207D65003C8C10 /* PBXContainerItemProxy */;
		};
		8CD17EFE20207D65003C8C10 /* PBXTargetDependency */ = {
			isa = PBXTargetDependency;
			target = 8CD17EDA20207D65003C8C10 /* إيراد */;
			targetProxy = 8CD17EFD20207D65003C8C10 /* PBXContainerItemProxy */;
		};
/* End PBXTargetDependency section */

/* Begin PBXVariantGroup section */
		8CD17EE420207D65003C8C10 /* Main.storyboard */ = {
			isa = PBXVariantGroup;
			children = (
				8CD17EE520207D65003C8C10 /* Base */,
			);
			name = Main.storyboard;
			sourceTree = "<group>";
		};
		8CD17EE920207D65003C8C10 /* LaunchScreen.storyboard */ = {
			isa = PBXVariantGroup;
			children = (
				8CD17EEA20207D65003C8C10 /* Base */,
			);
			name = LaunchScreen.storyboard;
			sourceTree = "<group>";
		};
/* End PBXVariantGroup section */

/* Begin XCBuildConfiguration section */
		8CD17F0320207D66003C8C10 /* Debug */ = {
			isa = XCBuildConfiguration;
			buildSettings = {
				ALWAYS_SEARCH_USER_PATHS = NO;
				CLANG_ANALYZER_NONNULL = YES;
				CLANG_ANALYZER_NUMBER_OBJECT_CONVERSION = YES_AGGRESSIVE;
				CLANG_CXX_LANGUAGE_STANDARD = "gnu++14";
				CLANG_CXX_LIBRARY = "libc++";
				CLANG_ENABLE_MODULES = YES;
				CLANG_ENABLE_OBJC_ARC = YES;
				CLANG_WARN_BLOCK_CAPTURE_AUTORELEASING = YES;
				CLANG_WARN_BOOL_CONVERSION = YES;
				CLANG_WARN_COMMA = YES;
				CLANG_WARN_CONSTANT_CONVERSION = YES;
				CLANG_WARN_DIRECT_OBJC_ISA_USAGE = YES_ERROR;
				CLANG_WARN_DOCUMENTATION_COMMENTS = YES;
				CLANG_WARN_EMPTY_BODY = YES;
				CLANG_WARN_ENUM_CONVERSION = YES;
				CLANG_WARN_INFINITE_RECURSION = YES;
				CLANG_WARN_INT_CONVERSION = YES;
				CLANG_WARN_NON_LITERAL_NULL_CONVERSION = YES;
				CLANG_WARN_OBJC_LITERAL_CONVERSION = YES;
				CLANG_WARN_OBJC_ROOT_CLASS = YES_ERROR;
				CLANG_WARN_RANGE_LOOP_ANALYSIS = YES;
				CLANG_WARN_STRICT_PROTOTYPES = YES;
				CLANG_WARN_SUSPICIOUS_MOVE = YES;
				CLANG_WARN_UNGUARDED_AVAILABILITY = YES_AGGRESSIVE;
				CLANG_WARN_UNREACHABLE_CODE = YES;
				CLANG_WARN__DUPLICATE_METHOD_MATCH = YES;
				CODE_SIGN_IDENTITY = "iPhone Developer";
				COPY_PHASE_STRIP = NO;
				DEBUG_INFORMATION_FORMAT = dwarf;
				ENABLE_STRICT_OBJC_MSGSEND = YES;
				ENABLE_TESTABILITY = YES;
				GCC_C_LANGUAGE_STANDARD = gnu11;
				GCC_DYNAMIC_NO_PIC = NO;
				GCC_NO_COMMON_BLOCKS = YES;
				GCC_OPTIMIZATION_LEVEL = 0;
				GCC_PREPROCESSOR_DEFINITIONS = (
					"DEBUG=1",
					"$(inherited)",
				);
				GCC_WARN_64_TO_32_BIT_CONVERSION = YES;
				GCC_WARN_ABOUT_RETURN_TYPE = YES_ERROR;
				GCC_WARN_UNDECLARED_SELECTOR = YES;
				GCC_WARN_UNINITIALIZED_AUTOS = YES_AGGRESSIVE;
				GCC_WARN_UNUSED_FUNCTION = YES;
				GCC_WARN_UNUSED_VARIABLE = YES;
				IPHONEOS_DEPLOYMENT_TARGET = 11.0;
				MTL_ENABLE_DEBUG_INFO = YES;
				ONLY_ACTIVE_ARCH = YES;
				SDKROOT = iphoneos;
				SWIFT_ACTIVE_COMPILATION_CONDITIONS = DEBUG;
				SWIFT_OPTIMIZATION_LEVEL = "-Onone";
			};
			name = Debug;
		};
		8CD17F0420207D66003C8C10 /* Release */ = {
			isa = XCBuildConfiguration;
			buildSettings = {
				ALWAYS_SEARCH_USER_PATHS = NO;
				CLANG_ANALYZER_NONNULL = YES;
				CLANG_ANALYZER_NUMBER_OBJECT_CONVERSION = YES_AGGRESSIVE;
				CLANG_CXX_LANGUAGE_STANDARD = "gnu++14";
				CLANG_CXX_LIBRARY = "libc++";
				CLANG_ENABLE_MODULES = YES;
				CLANG_ENABLE_OBJC_ARC = YES;
				CLANG_WARN_BLOCK_CAPTURE_AUTORELEASING = YES;
				CLANG_WARN_BOOL_CONVERSION = YES;
				CLANG_WARN_COMMA = YES;
				CLANG_WARN_CONSTANT_CONVERSION = YES;
				CLANG_WARN_DIRECT_OBJC_ISA_USAGE = YES_ERROR;
				CLANG_WARN_DOCUMENTATION_COMMENTS = YES;
				CLANG_WARN_EMPTY_BODY = YES;
				CLANG_WARN_ENUM_CONVERSION = YES;
				CLANG_WARN_INFINITE_RECURSION = YES;
				CLANG_WARN_INT_CONVERSION = YES;
				CLANG_WARN_NON_LITERAL_NULL_CONVERSION = YES;
				CLANG_WARN_OBJC_LITERAL_CONVERSION = YES;
				CLANG_WARN_OBJC_ROOT_CLASS = YES_ERROR;
				CLANG_WARN_RANGE_LOOP_ANALYSIS = YES;
				CLANG_WARN_STRICT_PROTOTYPES = YES;
				CLANG_WARN_SUSPICIOUS_MOVE = YES;
				CLANG_WARN_UNGUARDED_AVAILABILITY = YES_AGGRESSIVE;
				CLANG_WARN_UNREACHABLE_CODE = YES;
				CLANG_WARN__DUPLICATE_METHOD_MATCH = YES;
				CODE_SIGN_IDENTITY = "iPhone Developer";
				COPY_PHASE_STRIP = NO;
				DEBUG_INFORMATION_FORMAT = "dwarf-with-dsym";
				ENABLE_NS_ASSERTIONS = NO;
				ENABLE_STRICT_OBJC_MSGSEND = YES;
				GCC_C_LANGUAGE_STANDARD = gnu11;
				GCC_NO_COMMON_BLOCKS = YES;
				GCC_WARN_64_TO_32_BIT_CONVERSION = YES;
				GCC_WARN_ABOUT_RETURN_TYPE = YES_ERROR;
				GCC_WARN_UNDECLARED_SELECTOR = YES;
				GCC_WARN_UNINITIALIZED_AUTOS = YES_AGGRESSIVE;
				GCC_WARN_UNUSED_FUNCTION = YES;
				GCC_WARN_UNUSED_VARIABLE = YES;
				IPHONEOS_DEPLOYMENT_TARGET = 11.0;
				MTL_ENABLE_DEBUG_INFO = NO;
				SDKROOT = iphoneos;
				SWIFT_OPTIMIZATION_LEVEL = "-Owholemodule";
				VALIDATE_PRODUCT = YES;
			};
			name = Release;
		};
		8CD17F0620207D66003C8C10 /* Debug */ = {
			isa = XCBuildConfiguration;
			baseConfigurationReference = 8BE429155EA2F4900C2998D3 /* Pods-إيراد.debug.xcconfig */;
			buildSettings = {
				ASSETCATALOG_COMPILER_APPICON_NAME = AppIcon;
				CODE_SIGN_STYLE = Automatic;
				INFOPLIST_FILE = Erad/Info.plist;
				LD_RUNPATH_SEARCH_PATHS = "$(inherited) @executable_path/Frameworks";
				PRODUCT_BUNDLE_IDENTIFIER = KSU.Erad;
				PRODUCT_NAME = "$(TARGET_NAME)";
				SWIFT_VERSION = 4.0;
				TARGETED_DEVICE_FAMILY = "1,2";
			};
			name = Debug;
		};
		8CD17F0720207D66003C8C10 /* Release */ = {
			isa = XCBuildConfiguration;
			baseConfigurationReference = 29B338AB3B7C7E9DE1E7C048 /* Pods-إيراد.release.xcconfig */;
			buildSettings = {
				ASSETCATALOG_COMPILER_APPICON_NAME = AppIcon;
				CODE_SIGN_STYLE = Automatic;
				INFOPLIST_FILE = Erad/Info.plist;
				LD_RUNPATH_SEARCH_PATHS = "$(inherited) @executable_path/Frameworks";
				PRODUCT_BUNDLE_IDENTIFIER = KSU.Erad;
				PRODUCT_NAME = "$(TARGET_NAME)";
				SWIFT_VERSION = 4.0;
				TARGETED_DEVICE_FAMILY = "1,2";
			};
			name = Release;
		};
		8CD17F0920207D66003C8C10 /* Debug */ = {
			isa = XCBuildConfiguration;
			baseConfigurationReference = 864E458777AE2A3DB6F08952 /* Pods-إيرادTests.debug.xcconfig */;
			buildSettings = {
				ALWAYS_EMBED_SWIFT_STANDARD_LIBRARIES = YES;
				BUNDLE_LOADER = "$(TEST_HOST)";
				CODE_SIGN_STYLE = Automatic;
				INFOPLIST_FILE = EradTests/Info.plist;
				LD_RUNPATH_SEARCH_PATHS = "$(inherited) @executable_path/Frameworks @loader_path/Frameworks";
				PRODUCT_BUNDLE_IDENTIFIER = KSU.EradTests;
				PRODUCT_NAME = "$(TARGET_NAME)";
				SWIFT_VERSION = 4.0;
				TARGETED_DEVICE_FAMILY = "1,2";
				TEST_HOST = "$(BUILT_PRODUCTS_DIR)/إيراد.app/إيراد";
			};
			name = Debug;
		};
		8CD17F0A20207D66003C8C10 /* Release */ = {
			isa = XCBuildConfiguration;
			baseConfigurationReference = 3DAC76001E06FBB780E7DC11 /* Pods-إيرادTests.release.xcconfig */;
			buildSettings = {
				ALWAYS_EMBED_SWIFT_STANDARD_LIBRARIES = YES;
				BUNDLE_LOADER = "$(TEST_HOST)";
				CODE_SIGN_STYLE = Automatic;
				INFOPLIST_FILE = EradTests/Info.plist;
				LD_RUNPATH_SEARCH_PATHS = "$(inherited) @executable_path/Frameworks @loader_path/Frameworks";
				PRODUCT_BUNDLE_IDENTIFIER = KSU.EradTests;
				PRODUCT_NAME = "$(TARGET_NAME)";
				SWIFT_VERSION = 4.0;
				TARGETED_DEVICE_FAMILY = "1,2";
				TEST_HOST = "$(BUILT_PRODUCTS_DIR)/إيراد.app/إيراد";
			};
			name = Release;
		};
		8CD17F0C20207D66003C8C10 /* Debug */ = {
			isa = XCBuildConfiguration;
			baseConfigurationReference = 9BDF5F830A5B1C6F87BE81ED /* Pods-إيرادUITests.debug.xcconfig */;
			buildSettings = {
				ALWAYS_EMBED_SWIFT_STANDARD_LIBRARIES = YES;
				CODE_SIGN_STYLE = Automatic;
				INFOPLIST_FILE = EradUITests/Info.plist;
				LD_RUNPATH_SEARCH_PATHS = "$(inherited) @executable_path/Frameworks @loader_path/Frameworks";
				PRODUCT_BUNDLE_IDENTIFIER = KSU.EradUITests;
				PRODUCT_NAME = "$(TARGET_NAME)";
				SWIFT_VERSION = 4.0;
				TARGETED_DEVICE_FAMILY = "1,2";
				TEST_TARGET_NAME = Erad;
			};
			name = Debug;
		};
		8CD17F0D20207D66003C8C10 /* Release */ = {
			isa = XCBuildConfiguration;
			baseConfigurationReference = AA3B4909FFA3D8E9F9FEF917 /* Pods-إيرادUITests.release.xcconfig */;
			buildSettings = {
				ALWAYS_EMBED_SWIFT_STANDARD_LIBRARIES = YES;
				CODE_SIGN_STYLE = Automatic;
				INFOPLIST_FILE = EradUITests/Info.plist;
				LD_RUNPATH_SEARCH_PATHS = "$(inherited) @executable_path/Frameworks @loader_path/Frameworks";
				PRODUCT_BUNDLE_IDENTIFIER = KSU.EradUITests;
				PRODUCT_NAME = "$(TARGET_NAME)";
				SWIFT_VERSION = 4.0;
				TARGETED_DEVICE_FAMILY = "1,2";
				TEST_TARGET_NAME = Erad;
			};
			name = Release;
		};
/* End XCBuildConfiguration section */

/* Begin XCConfigurationList section */
		8CD17ED620207D65003C8C10 /* Build configuration list for PBXProject "إيراد" */ = {
			isa = XCConfigurationList;
			buildConfigurations = (
				8CD17F0320207D66003C8C10 /* Debug */,
				8CD17F0420207D66003C8C10 /* Release */,
			);
			defaultConfigurationIsVisible = 0;
			defaultConfigurationName = Release;
		};
		8CD17F0520207D66003C8C10 /* Build configuration list for PBXNativeTarget "إيراد" */ = {
			isa = XCConfigurationList;
			buildConfigurations = (
				8CD17F0620207D66003C8C10 /* Debug */,
				8CD17F0720207D66003C8C10 /* Release */,
			);
			defaultConfigurationIsVisible = 0;
			defaultConfigurationName = Release;
		};
		8CD17F0820207D66003C8C10 /* Build configuration list for PBXNativeTarget "إيرادTests" */ = {
			isa = XCConfigurationList;
			buildConfigurations = (
				8CD17F0920207D66003C8C10 /* Debug */,
				8CD17F0A20207D66003C8C10 /* Release */,
			);
			defaultConfigurationIsVisible = 0;
			defaultConfigurationName = Release;
		};
		8CD17F0B20207D66003C8C10 /* Build configuration list for PBXNativeTarget "إيرادUITests" */ = {
			isa = XCConfigurationList;
			buildConfigurations = (
				8CD17F0C20207D66003C8C10 /* Debug */,
				8CD17F0D20207D66003C8C10 /* Release */,
			);
			defaultConfigurationIsVisible = 0;
			defaultConfigurationName = Release;
		};
/* End XCConfigurationList section */
	};
	rootObject = 8CD17ED320207D65003C8C10 /* Project object */;
}
